Microsoft Visual Studio Solution File, Format Version 12.00
# Visual Studio 2012
Project("{FAE04EC0-301F-11D3-BF4B-00C04F79EFBC}") = "GCP Test", "GCP Test.csproj", "{6E8951BD-8CA9-48E4-BD87-2B2EDD653DD8}"
EndProject
Global
	GlobalSection(SolutionConfigurationPlatforms) = preSolution
	Debug|Any CPU = Debug|Any CPU
	ExportDebug|Any CPU = ExportDebug|Any CPU
	ExportRelease|Any CPU = ExportRelease|Any CPU
	EndGlobalSection
	GlobalSection(ProjectConfigurationPlatforms) = postSolution
		{6E8951BD-8CA9-48E4-BD87-2B2EDD653DD8}.Debug|Any CPU.ActiveCfg = Debug|Any CPU
		{6E8951BD-8CA9-48E4-BD87-2B2EDD653DD8}.Debug|Any CPU.Build.0 = Debug|Any CPU
		{6E8951BD-8CA9-48E4-BD87-2B2EDD653DD8}.ExportDebug|Any CPU.ActiveCfg = ExportDebug|Any CPU
		{6E8951BD-8CA9-48E4-BD87-2B2EDD653DD8}.ExportDebug|Any CPU.Build.0 = ExportDebug|Any CPU
		{6E8951BD-8CA9-48E4-BD87-2B2EDD653DD8}.ExportRelease|Any CPU.ActiveCfg = ExportRelease|Any CPU
		{6E8951BD-8CA9-48E4-BD87-2B2EDD653DD8}.ExportRelease|Any CPU.Build.0 = ExportRelease|Any CPU
	EndGlobalSection
EndGlobal
